{
  "name": "Module4-NPM",
  "version": "1.0.0",
  "lockfileVersion": 3,
  "requires": true,
  "packages": {
    "": {
      "dependencies": {
        "prathameshcalc": "^1.0.0"
      }
    },
    "node_modules/prathameshcalc": {
      "version": "1.0.0",
      "resolved": "https://registry.npmjs.org/prathameshcalc/-/prathameshcalc-1.0.0.tgz",
      "integrity": "sha512-O8b6gqQvfjbydKUZS7Nydh1LVIhplZrmahH8Knn2+ErLbWo+9vvrh7sg9tPm7r2raqik4lUA8OU/9ALimC6JkA==",
      "license": "ISC"
    }
  }
}
